// !$*UTF8*$!
{
	archiveVersion = 1;
	classes = {
	};
	objectVersion = 55;
	objects = {

/* Begin PBXBuildFile section */
		9766D6E528C9385800F41803 /* SwiftUIButtonApp.swift in Sources */ = {isa = PBXBuildFile; fileRef = 9766D6E428C9385800F41803 /* SwiftUIButtonApp.swift */; };
		9766D6E728C9385800F41803 /* ContentView.swift in Sources */ = {isa = PBXBuildFile; fileRef = 9766D6E628C9385800F41803 /* ContentView.swift */; };
		9766D6E928C9385C00F41803 /* Assets.xcassets in Resources */ = {isa = PBXBuildFile; fileRef = 9766D6E828C9385C00F41803 /* Assets.xcassets */; };
		9766D6EC28C9385C00F41803 /* Preview Assets.xcassets in Resources */ = {isa = PBXBuildFile; fileRef = 9766D6EB28C9385C00F41803 /* Preview Assets.xcassets */; };
		9766D6F628C9385C00F41803 /* SwiftUIButtonTests.swift in Sources */ = {isa = PBXBuildFile; fileRef = 9766D6F528C9385C00F41803 /* SwiftUIButtonTests.swift */; };
		9766D70028C9385C00F41803 /* SwiftUIButtonUITests.swift in Sources */ = {isa = PBXBuildFile; fileRef = 9766D6FF28C9385C00F41803 /* SwiftUIButtonUITests.swift */; };
		9766D70228C9385C00F41803 /* SwiftUIButtonUITestsLaunchTests.swift in Sources */ = {isa = PBXBuildFile; fileRef = 9766D70128C9385C00F41803 /* SwiftUIButtonUITestsLaunchTests.swift */; };
/* End PBXBuildFile section */

/* Begin PBXContainerItemProxy section */
		9766D6F228C9385C00F41803 /* PBXContainerItemProxy */ = {
			isa = PBXContainerItemProxy;
			containerPortal = 9766D6D928C9385800F41803 /* Project object */;
			proxyType = 1;
			remoteGlobalIDString = 9766D6E028C9385800F41803;
			remoteInfo = SwiftUIButton;
		};
		9766D6FC28C9385C00F41803 /* PBXContainerItemProxy */ = {
			isa = PBXContainerItemProxy;
			containerPortal = 9766D6D928C9385800F41803 /* Project object */;
			proxyType = 1;
			remoteGlobalIDString = 9766D6E028C9385800F41803;
			remoteInfo = SwiftUIButton;
		};
/* End PBXContainerItemProxy section */

/* Begin PBXFileReference section */
		9766D6E128C9385800F41803 /* SwiftUIButton.app */ = {isa = PBXFileReference; explicitFileType = wrapper.application; includeInIndex = 0; path = SwiftUIButton.app; sourceTree = BUILT_PRODUCTS_DIR; };
		9766D6E428C9385800F41803 /* SwiftUIButtonApp.swift */ = {isa = PBXFileReference; lastKnownFileType = sourcecode.swift; path = SwiftUIButtonApp.swift; sourceTree = "<group>"; };
		9766D6E628C9385800F41803 /* ContentView.swift */ = {isa = PBXFileReference; lastKnownFileType = sourcecode.swift; path = ContentView.swift; sourceTree = "<group>"; };
		9766D6E828C9385C00F41803 /* Assets.xcassets */ = {isa = PBXFileReference; lastKnownFileType = folder.assetcatalog; path = Assets.xcassets; sourceTree = "<group>"; };
		9766D6EB28C9385C00F41803 /* Preview Assets.xcassets */ = {isa = PBXFileReference; lastKnownFileType = folder.assetcatalog; path = "Preview Assets.xcassets"; sourceTree = "<group>"; };
		9766D6F128C9385C00F41803 /* SwiftUIButtonTests.xctest */ = {isa = PBXFileReference; explicitFileType = wrapper.cfbundle; includeInIndex = 0; path = SwiftUIButtonTests.xctest; sourceTree = BUILT_PRODUCTS_DIR; };
		9766D6F528C9385C00F41803 /* SwiftUIButtonTests.swift */ = {isa = PBXFileReference; lastKnownFileType = sourcecode.swift; path = SwiftUIButtonTests.swift; sourceTree = "<group>"; };
		9766D6FB28C9385C00F41803 /* SwiftUIButtonUITests.xctest */ = {isa = PBXFileReference; explicitFileType = wrapper.cfbundle; includeInIndex = 0; path = SwiftUIButtonUITests.xctest; sourceTree = BUILT_PRODUCTS_DIR; };
		9766D6FF28C9385C00F41803 /* SwiftUIButtonUITests.swift */ = {isa = PBXFileReference; lastKnownFileType = sourcecode.swift; path = SwiftUIButtonUITests.swift; sourceTree = "<group>"; };
		9766D70128C9385C00F41803 /* SwiftUIButtonUITestsLaunchTests.swift */ = {isa = PBXFileReference; lastKnownFileType = sourcecode.swift; path = SwiftUIButtonUITestsLaunchTests.swift; sourceTree = "<group>"; };
/* End PBXFileReference section */

/* Begin PBXFrameworksBuildPhase section */
		9766D6DE28C9385800F41803 /* Frameworks */ = {
			isa = PBXFrameworksBuildPhase;
			buildActionMask = 2147483647;
			files = (
			);
			runOnlyForDeploymentPostprocessing = 0;
		};
		9766D6EE28C9385C00F41803 /* Frameworks */ = {
			isa = PBXFrameworksBuildPhase;
			buildActionMask = 2147483647;
			files = (
			);
			runOnlyForDeploymentPostprocessing = 0;
		};
		9766D6F828C9385C00F41803 /* Frameworks */ = {
			isa = PBXFrameworksBuildPhase;
			buildActionMask = 2147483647;
			files = (
			);
			runOnlyForDeploymentPostprocessing = 0;
		};
/* End PBXFrameworksBuildPhase section */

/* Begin PBXGroup section */
		9766D6D828C9385800F41803 = {
			isa = PBXGroup;
			children = (
				9766D6E328C9385800F41803 /* SwiftUIButton */,
				9766D6F428C9385C00F41803 /* SwiftUIButtonTests */,
				9766D6FE28C9385C00F41803 /* SwiftUIButtonUITests */,
				9766D6E228C9385800F41803 /* Products */,
			);
			sourceTree = "<group>";
		};
		9766D6E228C9385800F41803 /* Products */ = {
			isa = PBXGroup;
			children = (
				9766D6E128C9385800F41803 /* SwiftUIButton.app */,
				9766D6F128C9385C00F41803 /* SwiftUIButtonTests.xctest */,
				9766D6FB28C9385C00F41803 /* SwiftUIButtonUITests.xctest */,
			);
			name = Products;
			sourceTree = "<group>";
		};
		9766D6E328C9385800F41803 /* SwiftUIButton */ = {
			isa = PBXGroup;
			children = (
				9766D6E428C9385800F41803 /* SwiftUIButtonApp.swift */,
				9766D6E628C9385800F41803 /* ContentView.swift */,
				9766D6E828C9385C00F41803 /* Assets.xcassets */,
				9766D6EA28C9385C00F41803 /* Preview Content */,
			);
			path = SwiftUIButton;
			sourceTree = "<group>";
		};
		9766D6EA28C9385C00F41803 /* Preview Content */ = {
			isa = PBXGroup;
			children = (
				9766D6EB28C9385C00F41803 /* Preview Assets.xcassets */,
			);
			path = "Preview Content";
			sourceTree = "<group>";
		};
		9766D6F428C9385C00F41803 /* SwiftUIButtonTests */ = {
			isa = PBXGroup;
			children = (
				9766D6F528C9385C00F41803 /* SwiftUIButtonTests.swift */,
			);
			path = SwiftUIButtonTests;
			sourceTree = "<group>";
		};
		9766D6FE28C9385C00F41803 /* SwiftUIButtonUITests */ = {
			isa = PBXGroup;
			children = (
				9766D6FF28C9385C00F41803 /* SwiftUIButtonUITests.swift */,
				9766D70128C9385C00F41803 /* SwiftUIButtonUITestsLaunchTests.swift */,
			);
			path = SwiftUIButtonUITests;
			sourceTree = "<group>";
		};
/* End PBXGroup section */

/* Begin PBXNativeTarget section */
		9766D6E028C9385800F41803 /* SwiftUIButton */ = {
			isa = PBXNativeTarget;
			buildConfigurationList = 9766D70528C9385C00F41803 /* Build configuration list for PBXNativeTarget "SwiftUIButton" */;
			buildPhases = (
				9766D6DD28C9385800F41803 /* Sources */,
				9766D6DE28C9385800F41803 /* Frameworks */,
				9766D6DF28C9385800F41803 /* Resources */,
			);
			buildRules = (
			);
			dependencies = (
			);
			name = SwiftUIButton;
			productName = SwiftUIButton;
			productReference = 9766D6E128C9385800F41803 /* SwiftUIButton.app */;
			productType = "com.apple.product-type.application";
		};
		9766D6F028C9385C00F41803 /* SwiftUIButtonTests */ = {
			isa = PBXNativeTarget;
			buildConfigurationList = 9766D70828C9385C00F41803 /* Build configuration list for PBXNativeTarget "SwiftUIButtonTests" */;
			buildPhases = (
				9766D6ED28C9385C00F41803 /* Sources */,
				9766D6EE28C9385C00F41803 /* Frameworks */,
				9766D6EF28C9385C00F41803 /* Resources */,
			);
			buildRules = (
			);
			dependencies = (
				9766D6F328C9385C00F41803 /* PBXTargetDependency */,
			);
			name = SwiftUIButtonTests;
			productName = SwiftUIButtonTests;
			productReference = 9766D6F128C9385C00F41803 /* SwiftUIButtonTests.xctest */;
			productType = "com.apple.product-type.bundle.unit-test";
		};
		9766D6FA28C9385C00F41803 /* SwiftUIButtonUITests */ = {
			isa = PBXNativeTarget;
			buildConfigurationList = 9766D70B28C9385C00F41803 /* Build configuration list for PBXNativeTarget "SwiftUIButtonUITests" */;
			buildPhases = (
				9766D6F728C9385C00F41803 /* Sources */,
				9766D6F828C9385C00F41803 /* Frameworks */,
				9766D6F928C9385C00F41803 /* Resources */,
			);
			buildRules = (
			);
			dependencies = (
				9766D6FD28C9385C00F41803 /* PBXTargetDependency */,
			);
			name = SwiftUIButtonUITests;
			productName = SwiftUIButtonUITests;
			productReference = 9766D6FB28C9385C00F41803 /* SwiftUIButtonUITests.xctest */;
			productType = "com.apple.product-type.bundle.ui-testing";
		};
/* End PBXNativeTarget section */

/* Begin PBXProject section */
		9766D6D928C9385800F41803 /* Project object */ = {
			isa = PBXProject;
			attributes = {
				BuildIndependentTargetsInParallel = 1;
				LastSwiftUpdateCheck = 1340;
				LastUpgradeCheck = 1340;
				TargetAttributes = {
					9766D6E028C9385800F41803 = {
						CreatedOnToolsVersion = 13.4.1;
					};
					9766D6F028C9385C00F41803 = {
						CreatedOnToolsVersion = 13.4.1;
						TestTargetID = 9766D6E028C9385800F41803;
					};
					9766D6FA28C9385C00F41803 = {
						CreatedOnToolsVersion = 13.4.1;
						TestTargetID = 9766D6E028C9385800F41803;
					};
				};
			};
			buildConfigurationList = 9766D6DC28C9385800F41803 /* Build configuration list for PBXProject "SwiftUIButton" */;
			compatibilityVersion = "Xcode 13.0";
			developmentRegion = en;
			hasScannedForEncodings = 0;
			knownRegions = (
				en,
				Base,
			);
			mainGroup = 9766D6D828C9385800F41803;
			productRefGroup = 9766D6E228C9385800F41803 /* Products */;
			projectDirPath = "";
			projectRoot = "";
			targets = (
				9766D6E028C9385800F41803 /* SwiftUIButton */,
				9766D6F028C9385C00F41803 /* SwiftUIButtonTests */,
				9766D6FA28C9385C00F41803 /* SwiftUIButtonUITests */,
			);
		};
/* End PBXProject section */

/* Begin PBXResourcesBuildPhase section */
		9766D6DF28C9385800F41803 /* Resources */ = {
			isa = PBXResourcesBuildPhase;
			buildActionMask = 2147483647;
			files = (
				9766D6EC28C9385C00F41803 /* Preview Assets.xcassets in Resources */,
				9766D6E928C9385C00F41803 /* Assets.xcassets in Resources */,
			);
			runOnlyForDeploymentPostprocessing = 0;
		};
		9766D6EF28C9385C00F41803 /* Resources */ = {
			isa = PBXResourcesBuildPhase;
			buildActionMask = 2147483647;
			files = (
			);
			runOnlyForDeploymentPostprocessing = 0;
		};
		9766D6F928C9385C00F41803 /* Resources */ = {
			isa = PBXResourcesBuildPhase;
			buildActionMask = 2147483647;
			files = (
			);
			runOnlyForDeploymentPostprocessing = 0;
		};
/* End PBXResourcesBuildPhase section */

/* Begin PBXSourcesBuildPhase section */
		9766D6DD28C9385800F41803 /* Sources */ = {
			isa = PBXSourcesBuildPhase;
			buildActionMask = 2147483647;
			files = (
				9766D6E728C9385800F41803 /* ContentView.swift in Sources */,
				9766D6E528C9385800F41803 /* SwiftUIButtonApp.swift in Sources */,
			);
			runOnlyForDeploymentPostprocessing = 0;
		};
		9766D6ED28C9385C00F41803 /* Sources */ = {
			isa = PBXSourcesBuildPhase;
			buildActionMask = 2147483647;
			files = (
				9766D6F628C9385C00F41803 /* SwiftUIButtonTests.swift in Sources */,
			);
			runOnlyForDeploymentPostprocessing = 0;
		};
		9766D6F728C9385C00F41803 /* Sources */ = {
			isa = PBXSourcesBuildPhase;
			buildActionMask = 2147483647;
			files = (
				9766D70228C9385C00F41803 /* SwiftUIButtonUITestsLaunchTests.swift in Sources */,
				9766D70028C9385C00F41803 /* SwiftUIButtonUITests.swift in Sources */,
			);
			runOnlyForDeploymentPostprocessing = 0;
		};
/* End PBXSourcesBuildPhase section */

/* Begin PBXTargetDependency section */
		9766D6F328C9385C00F41803 /* PBXTargetDependency */ = {
			isa = PBXTargetDependency;
			target = 9766D6E028C9385800F41803 /* SwiftUIButton */;
			targetProxy = 9766D6F228C9385C00F41803 /* PBXContainerItemProxy */;
		};
		9766D6FD28C9385C00F41803 /* PBXTargetDependency */ = {
			isa = PBXTargetDependency;
			target = 9766D6E028C9385800F41803 /* SwiftUIButton */;
			targetProxy = 9766D6FC28C9385C00F41803 /* PBXContainerItemProxy */;
		};
/* End PBXTargetDependency section */

/* Begin XCBuildConfiguration section */
		9766D70328C9385C00F41803 /* Debug */ = {
			isa = XCBuildConfiguration;
			buildSettings = {
				ALWAYS_SEARCH_USER_PATHS = NO;
				CLANG_ANALYZER_NONNULL = YES;
				CLANG_ANALYZER_NUMBER_OBJECT_CONVERSION = YES_AGGRESSIVE;
				CLANG_CXX_LANGUAGE_STANDARD = "gnu++17";
				CLANG_ENABLE_MODULES = YES;
				CLANG_ENABLE_OBJC_ARC = YES;
				CLANG_ENABLE_OBJC_WEAK = YES;
				CLANG_WARN_BLOCK_CAPTURE_AUTORELEASING = YES;
				CLANG_WARN_BOOL_CONVERSION = YES;
				CLANG_WARN_COMMA = YES;
				CLANG_WARN_CONSTANT_CONVERSION = YES;
				CLANG_WARN_DEPRECATED_OBJC_IMPLEMENTATIONS = YES;
				CLANG_WARN_DIRECT_OBJC_ISA_USAGE = YES_ERROR;
				CLANG_WARN_DOCUMENTATION_COMMENTS = YES;
				CLANG_WARN_EMPTY_BODY = YES;
				CLANG_WARN_ENUM_CONVERSION = YES;
				CLANG_WARN_INFINITE_RECURSION = YES;
				CLANG_WARN_INT_CONVERSION = YES;
				CLANG_WARN_NON_LITERAL_NULL_CONVERSION = YES;
				CLANG_WARN_OBJC_IMPLICIT_RETAIN_SELF = YES;
				CLANG_WARN_OBJC_LITERAL_CONVERSION = YES;
				CLANG_WARN_OBJC_ROOT_CLASS = YES_ERROR;
				CLANG_WARN_QUOTED_INCLUDE_IN_FRAMEWORK_HEADER = YES;
				CLANG_WARN_RANGE_LOOP_ANALYSIS = YES;
				CLANG_WARN_STRICT_PROTOTYPES = YES;
				CLANG_WARN_SUSPICIOUS_MOVE = YES;
				CLANG_WARN_UNGUARDED_AVAILABILITY = YES_AGGRESSIVE;
				CLANG_WARN_UNREACHABLE_CODE = YES;
				CLANG_WARN__DUPLICATE_METHOD_MATCH = YES;
				COPY_PHASE_STRIP = NO;
				DEBUG_INFORMATION_FORMAT = dwarf;
				ENABLE_STRICT_OBJC_MSGSEND = YES;
				ENABLE_TESTABILITY = YES;
				GCC_C_LANGUAGE_STANDARD = gnu11;
				GCC_DYNAMIC_NO_PIC = NO;
				GCC_NO_COMMON_BLOCKS = YES;
				GCC_OPTIMIZATION_LEVEL = 0;
				GCC_PREPROCESSOR_DEFINITIONS = (
					"DEBUG=1",
					"$(inherited)",
				);
				GCC_WARN_64_TO_32_BIT_CONVERSION = YES;
				GCC_WARN_ABOUT_RETURN_TYPE = YES_ERROR;
				GCC_WARN_UNDECLARED_SELECTOR = YES;
				GCC_WARN_UNINITIALIZED_AUTOS = YES_AGGRESSIVE;
				GCC_WARN_UNUSED_FUNCTION = YES;
				GCC_WARN_UNUSED_VARIABLE = YES;
				IPHONEOS_DEPLOYMENT_TARGET = 15.5;
				MTL_ENABLE_DEBUG_INFO = INCLUDE_SOURCE;
				MTL_FAST_MATH = YES;
				ONLY_ACTIVE_ARCH = YES;
				SDKROOT = iphoneos;
				SWIFT_ACTIVE_COMPILATION_CONDITIONS = DEBUG;
				SWIFT_OPTIMIZATION_LEVEL = "-Onone";
			};
			name = Debug;
		};
		9766D70428C9385C00F41803 /* Release */ = {
			isa = XCBuildConfiguration;
			buildSettings = {
				ALWAYS_SEARCH_USER_PATHS = NO;
				CLANG_ANALYZER_NONNULL = YES;
				CLANG_ANALYZER_NUMBER_OBJECT_CONVERSION = YES_AGGRESSIVE;
				CLANG_CXX_LANGUAGE_STANDARD = "gnu++17";
				CLANG_ENABLE_MODULES = YES;
				CLANG_ENABLE_OBJC_ARC = YES;
				CLANG_ENABLE_OBJC_WEAK = YES;
				CLANG_WARN_BLOCK_CAPTURE_AUTORELEASING = YES;
				CLANG_WARN_BOOL_CONVERSION = YES;
				CLANG_WARN_COMMA = YES;
				CLANG_WARN_CONSTANT_CONVERSION = YES;
				CLANG_WARN_DEPRECATED_OBJC_IMPLEMENTATIONS = YES;
				CLANG_WARN_DIRECT_OBJC_ISA_USAGE = YES_ERROR;
				CLANG_WARN_DOCUMENTATION_COMMENTS = YES;
				CLANG_WARN_EMPTY_BODY = YES;
				CLANG_WARN_ENUM_CONVERSION = YES;
				CLANG_WARN_INFINITE_RECURSION = YES;
				CLANG_WARN_INT_CONVERSION = YES;
				CLANG_WARN_NON_LITERAL_NULL_CONVERSION = YES;
				CLANG_WARN_OBJC_IMPLICIT_RETAIN_SELF = YES;
				CLANG_WARN_OBJC_LITERAL_CONVERSION = YES;
				CLANG_WARN_OBJC_ROOT_CLASS = YES_ERROR;
				CLANG_WARN_QUOTED_INCLUDE_IN_FRAMEWORK_HEADER = YES;
				CLANG_WARN_RANGE_LOOP_ANALYSIS = YES;
				CLANG_WARN_STRICT_PROTOTYPES = YES;
				CLANG_WARN_SUSPICIOUS_MOVE = YES;
				CLANG_WARN_UNGUARDED_AVAILABILITY = YES_AGGRESSIVE;
				CLANG_WARN_UNREACHABLE_CODE = YES;
				CLANG_WARN__DUPLICATE_METHOD_MATCH = YES;
				COPY_PHASE_STRIP = NO;
				DEBUG_INFORMATION_FORMAT = "dwarf-with-dsym";
				ENABLE_NS_ASSERTIONS = NO;
				ENABLE_STRICT_OBJC_MSGSEND = YES;
				GCC_C_LANGUAGE_STANDARD = gnu11;
				GCC_NO_COMMON_BLOCKS = YES;
				GCC_WARN_64_TO_32_BIT_CONVERSION = YES;
				GCC_WARN_ABOUT_RETURN_TYPE = YES_ERROR;
				GCC_WARN_UNDECLARED_SELECTOR = YES;
				GCC_WARN_UNINITIALIZED_AUTOS = YES_AGGRESSIVE;
				GCC_WARN_UNUSED_FUNCTION = YES;
				GCC_WARN_UNUSED_VARIABLE = YES;
				IPHONEOS_DEPLOYMENT_TARGET = 15.5;
				MTL_ENABLE_DEBUG_INFO = NO;
				MTL_FAST_MATH = YES;
				SDKROOT = iphoneos;
				SWIFT_COMPILATION_MODE = wholemodule;
				SWIFT_OPTIMIZATION_LEVEL = "-O";
				VALIDATE_PRODUCT = YES;
			};
			name = Release;
		};
		9766D70628C9385C00F41803 /* Debug */ = {
			isa = XCBuildConfiguration;
			buildSettings = {
				ASSETCATALOG_COMPILER_APPICON_NAME = AppIcon;
				ASSETCATALOG_COMPILER_GLOBAL_ACCENT_COLOR_NAME = AccentColor;
				CODE_SIGN_STYLE = Automatic;
				CURRENT_PROJECT_VERSION = 1;
				DEVELOPMENT_ASSET_PATHS = "\"SwiftUIButton/Preview Content\"";
				ENABLE_PREVIEWS = YES;
				GENERATE_INFOPLIST_FILE = YES;
				INFOPLIST_KEY_UIApplicationSceneManifest_Generation = YES;
				INFOPLIST_KEY_UIApplicationSupportsIndirectInputEvents = YES;
				INFOPLIST_KEY_UILaunchScreen_Generation = YES;
				INFOPLIST_KEY_UISupportedInterfaceOrientations_iPad = "UIInterfaceOrientationPortrait UIInterfaceOrientationPortraitUpsideDown UIInterfaceOrientationLandscapeLeft UIInterfaceOrientationLandscapeRight";
				INFOPLIST_KEY_UISupportedInterfaceOrientations_iPhone = "UIInterfaceOrientationPortrait UIInterfaceOrientationLandscapeLeft UIInterfaceOrientationLandscapeRight";
				LD_RUNPATH_SEARCH_PATHS = (
					"$(inherited)",
					"@executable_path/Frameworks",
				);
				MARKETING_VERSION = 1.0;
				PRODUCT_BUNDLE_IDENTIFIER = com.meggleason.SwiftUIButton;
				PRODUCT_NAME = "$(TARGET_NAME)";
				SWIFT_EMIT_LOC_STRINGS = YES;
				SWIFT_VERSION = 5.0;
				TARGETED_DEVICE_FAMILY = "1,2";
			};
			name = Debug;
		};
		9766D70728C9385C00F41803 /* Release */ = {
			isa = XCBuildConfiguration;
			buildSettings = {
				ASSETCATALOG_COMPILER_APPICON_NAME = AppIcon;
				ASSETCATALOG_COMPILER_GLOBAL_ACCENT_COLOR_NAME = AccentColor;
				CODE_SIGN_STYLE = Automatic;
				CURRENT_PROJECT_VERSION = 1;
				DEVELOPMENT_ASSET_PATHS = "\"SwiftUIButton/Preview Content\"";
				ENABLE_PREVIEWS = YES;
				GENERATE_INFOPLIST_FILE = YES;
				INFOPLIST_KEY_UIApplicationSceneManifest_Generation = YES;
				INFOPLIST_KEY_UIApplicationSupportsIndirectInputEvents = YES;
				INFOPLIST_KEY_UILaunchScreen_Generation = YES;
				INFOPLIST_KEY_UISupportedInterfaceOrientations_iPad = "UIInterfaceOrientationPortrait UIInterfaceOrientationPortraitUpsideDown UIInterfaceOrientationLandscapeLeft UIInterfaceOrientationLandscapeRight";
				INFOPLIST_KEY_UISupportedInterfaceOrientations_iPhone = "UIInterfaceOrientationPortrait UIInterfaceOrientationLandscapeLeft UIInterfaceOrientationLandscapeRight";
				LD_RUNPATH_SEARCH_PATHS = (
					"$(inherited)",
					"@executable_path/Frameworks",
				);
				MARKETING_VERSION = 1.0;
				PRODUCT_BUNDLE_IDENTIFIER = com.meggleason.SwiftUIButton;
				PRODUCT_NAME = "$(TARGET_NAME)";
				SWIFT_EMIT_LOC_STRINGS = YES;
				SWIFT_VERSION = 5.0;
				TARGETED_DEVICE_FAMILY = "1,2";
			};
			name = Release;
		};
		9766D70928C9385C00F41803 /* Debug */ = {
			isa = XCBuildConfiguration;
			buildSettings = {
				ALWAYS_EMBED_SWIFT_STANDARD_LIBRARIES = YES;
				BUNDLE_LOADER = "$(TEST_HOST)";
				CODE_SIGN_STYLE = Automatic;
				CURRENT_PROJECT_VERSION = 1;
				GENERATE_INFOPLIST_FILE = YES;
				IPHONEOS_DEPLOYMENT_TARGET = 15.5;
				MARKETING_VERSION = 1.0;
				PRODUCT_BUNDLE_IDENTIFIER = com.meggleason.SwiftUIButtonTests;
				PRODUCT_NAME = "$(TARGET_NAME)";
				SWIFT_EMIT_LOC_STRINGS = NO;
				SWIFT_VERSION = 5.0;
				TARGETED_DEVICE_FAMILY = "1,2";
				TEST_HOST = "$(BUILT_PRODUCTS_DIR)/SwiftUIButton.app/SwiftUIButton";
			};
			name = Debug;
		};
		9766D70A28C9385C00F41803 /* Release */ = {
			isa = XCBuildConfiguration;
			buildSettings = {
				ALWAYS_EMBED_SWIFT_STANDARD_LIBRARIES = YES;
				BUNDLE_LOADER = "$(TEST_HOST)";
				CODE_SIGN_STYLE = Automatic;
				CURRENT_PROJECT_VERSION = 1;
				GENERATE_INFOPLIST_FILE = YES;
				IPHONEOS_DEPLOYMENT_TARGET = 15.5;
				MARKETING_VERSION = 1.0;
				PRODUCT_BUNDLE_IDENTIFIER = com.meggleason.SwiftUIButtonTests;
				PRODUCT_NAME = "$(TARGET_NAME)";
				SWIFT_EMIT_LOC_STRINGS = NO;
				SWIFT_VERSION = 5.0;
				TARGETED_DEVICE_FAMILY = "1,2";
				TEST_HOST = "$(BUILT_PRODUCTS_DIR)/SwiftUIButton.app/SwiftUIButton";
			};
			name = Release;
		};
		9766D70C28C9385C00F41803 /* Debug */ = {
			isa = XCBuildConfiguration;
			buildSettings = {
				ALWAYS_EMBED_SWIFT_STANDARD_LIBRARIES = YES;
				CODE_SIGN_STYLE = Automatic;
				CURRENT_PROJECT_VERSION = 1;
				GENERATE_INFOPLIST_FILE = YES;
				MARKETING_VERSION = 1.0;
				PRODUCT_BUNDLE_IDENTIFIER = com.meggleason.SwiftUIButtonUITests;
				PRODUCT_NAME = "$(TARGET_NAME)";
				SWIFT_EMIT_LOC_STRINGS = NO;
				SWIFT_VERSION = 5.0;
				TARGETED_DEVICE_FAMILY = "1,2";
				TEST_TARGET_NAME = SwiftUIButton;
			};
			name = Debug;
		};
		9766D70D28C9385C00F41803 /* Release */ = {
			isa = XCBuildConfiguration;
			buildSettings = {
				ALWAYS_EMBED_SWIFT_STANDARD_LIBRARIES = YES;
				CODE_SIGN_STYLE = Automatic;
				CURRENT_PROJECT_VERSION = 1;
				GENERATE_INFOPLIST_FILE = YES;
				MARKETING_VERSION = 1.0;
				PRODUCT_BUNDLE_IDENTIFIER = com.meggleason.SwiftUIButtonUITests;
				PRODUCT_NAME = "$(TARGET_NAME)";
				SWIFT_EMIT_LOC_STRINGS = NO;
				SWIFT_VERSION = 5.0;
				TARGETED_DEVICE_FAMILY = "1,2";
				TEST_TARGET_NAME = SwiftUIButton;
			};
			name = Release;
		};
/* End XCBuildConfiguration section */

/* Begin XCConfigurationList section */
		9766D6DC28C9385800F41803 /* Build configuration list for PBXProject "SwiftUIButton" */ = {
			isa = XCConfigurationList;
			buildConfigurations = (
				9766D70328C9385C00F41803 /* Debug */,
				9766D70428C9385C00F41803 /* Release */,
			);
			defaultConfigurationIsVisible = 0;
			defaultConfigurationName = Release;
		};
		9766D70528C9385C00F41803 /* Build configuration list for PBXNativeTarget "SwiftUIButton" */ = {
			isa = XCConfigurationList;
			buildConfigurations = (
				9766D70628C9385C00F41803 /* Debug */,
				9766D70728C9385C00F41803 /* Release */,
			);
			defaultConfigurationIsVisible = 0;
			defaultConfigurationName = Release;
		};
		9766D70828C9385C00F41803 /* Build configuration list for PBXNativeTarget "SwiftUIButtonTests" */ = {
			isa = XCConfigurationList;
			buildConfigurations = (
				9766D70928C9385C00F41803 /* Debug */,
				9766D70A28C9385C00F41803 /* Release */,
			);
			defaultConfigurationIsVisible = 0;
			defaultConfigurationName = Release;
		};
		9766D70B28C9385C00F41803 /* Build configuration list for PBXNativeTarget "SwiftUIButtonUITests" */ = {
			isa = XCConfigurationList;
			buildConfigurations = (
				9766D70C28C9385C00F41803 /* Debug */,
				9766D70D28C9385C00F41803 /* Release */,
			);
			defaultConfigurationIsVisible = 0;
			defaultConfigurationName = Release;
		};
/* End XCConfigurationList section */
	};
	rootObject = 9766D6D928C9385800F41803 /* Project object */;
}
